
Microsoft Visual Studio Solution File, Format Version 11.00
# Visual C# Express 2010
Project("{FAE04EC0-301F-11D3-BF4B-00C04F79EFBC}") = "JamSoft.Prism", "JamSoft.Prism\JamSoft.Prism.csproj", "{2EE2B5A7-BBBE-4FFB-BC1F-82CEBBC9F77A}"
EndProject
Project("{FAE04EC0-301F-11D3-BF4B-00C04F79EFBC}") = "JamSoft.Wpf", "JamSoft.Wpf\JamSoft.Wpf.csproj", "{08C2281B-AA84-4C50-A11B-FE05A9ACEE2D}"
EndProject
Project("{FAE04EC0-301F-11D3-BF4B-00C04F79EFBC}") = "JamSoft.Prism.Modules.Graphing", "JamSoft.Prism.Modules.Graphing\JamSoft.Prism.Modules.Graphing.csproj", "{B82F536A-7B53-4863-BE72-85CBE30E475A}"
EndProject
Project("{FAE04EC0-301F-11D3-BF4B-00C04F79EFBC}") = "JamSoft.Prism.Core", "JamSoft.Prism.Core\JamSoft.Prism.Core.csproj", "{0F0B57EB-359A-4AA0-B6A2-AC63FD9E2FC2}"
EndProject
Project("{FAE04EC0-301F-11D3-BF4B-00C04F79EFBC}") = "JamSoft.Prism.Modules.Data", "JamSoft.Prism.Modules.Data\JamSoft.Prism.Modules.Data.csproj", "{860EC6FC-FDA1-4CDB-8E9A-0260BC783439}"
EndProject
Project("{FAE04EC0-301F-11D3-BF4B-00C04F79EFBC}") = "JamSoft.NET", "JamSoft.NET\JamSoft.NET.csproj", "{3D7BD732-C4CE-4461-9EFF-59C42CC5853B}"
EndProject
Project("{FAE04EC0-301F-11D3-BF4B-00C04F79EFBC}") = "JamSoft.Prism.Styles", "JamSoft.Prism.Styles\JamSoft.Prism.Styles.csproj", "{17B12AD1-0CE1-4A2D-B982-D9E0A55AF49C}"
EndProject
Global
	GlobalSection(SolutionConfigurationPlatforms) = preSolution
		Debug|Any CPU = Debug|Any CPU
		Debug|Mixed Platforms = Debug|Mixed Platforms
		Debug|x86 = Debug|x86
		Release|Any CPU = Release|Any CPU
		Release|Mixed Platforms = Release|Mixed Platforms
		Release|x86 = Release|x86
	EndGlobalSection
	GlobalSection(ProjectConfigurationPlatforms) = postSolution
		{2EE2B5A7-BBBE-4FFB-BC1F-82CEBBC9F77A}.Debug|Any CPU.ActiveCfg = Debug|x86
		{2EE2B5A7-BBBE-4FFB-BC1F-82CEBBC9F77A}.Debug|Mixed Platforms.ActiveCfg = Debug|x86
		{2EE2B5A7-BBBE-4FFB-BC1F-82CEBBC9F77A}.Debug|Mixed Platforms.Build.0 = Debug|x86
		{2EE2B5A7-BBBE-4FFB-BC1F-82CEBBC9F77A}.Debug|x86.ActiveCfg = Debug|x86
		{2EE2B5A7-BBBE-4FFB-BC1F-82CEBBC9F77A}.Debug|x86.Build.0 = Debug|x86
		{2EE2B5A7-BBBE-4FFB-BC1F-82CEBBC9F77A}.Release|Any CPU.ActiveCfg = Release|x86
		{2EE2B5A7-BBBE-4FFB-BC1F-82CEBBC9F77A}.Release|Mixed Platforms.ActiveCfg = Release|x86
		{2EE2B5A7-BBBE-4FFB-BC1F-82CEBBC9F77A}.Release|Mixed Platforms.Build.0 = Release|x86
		{2EE2B5A7-BBBE-4FFB-BC1F-82CEBBC9F77A}.Release|x86.ActiveCfg = Release|x86
		{2EE2B5A7-BBBE-4FFB-BC1F-82CEBBC9F77A}.Release|x86.Build.0 = Release|x86
		{08C2281B-AA84-4C50-A11B-FE05A9ACEE2D}.Debug|Any CPU.ActiveCfg = Debug|Any CPU
		{08C2281B-AA84-4C50-A11B-FE05A9ACEE2D}.Debug|Any CPU.Build.0 = Debug|Any CPU
		{08C2281B-AA84-4C50-A11B-FE05A9ACEE2D}.Debug|Mixed Platforms.ActiveCfg = Debug|Any CPU
		{08C2281B-AA84-4C50-A11B-FE05A9ACEE2D}.Debug|Mixed Platforms.Build.0 = Debug|Any CPU
		{08C2281B-AA84-4C50-A11B-FE05A9ACEE2D}.Debug|x86.ActiveCfg = Debug|Any CPU
		{08C2281B-AA84-4C50-A11B-FE05A9ACEE2D}.Release|Any CPU.ActiveCfg = Release|Any CPU
		{08C2281B-AA84-4C50-A11B-FE05A9ACEE2D}.Release|Any CPU.Build.0 = Release|Any CPU
		{08C2281B-AA84-4C50-A11B-FE05A9ACEE2D}.Release|Mixed Platforms.ActiveCfg = Release|Any CPU
		{08C2281B-AA84-4C50-A11B-FE05A9ACEE2D}.Release|Mixed Platforms.Build.0 = Release|Any CPU
		{08C2281B-AA84-4C50-A11B-FE05A9ACEE2D}.Release|x86.ActiveCfg = Release|Any CPU
		{B82F536A-7B53-4863-BE72-85CBE30E475A}.Debug|Any CPU.ActiveCfg = Debug|Any CPU
		{B82F536A-7B53-4863-BE72-85CBE30E475A}.Debug|Any CPU.Build.0 = Debug|Any CPU
		{B82F536A-7B53-4863-BE72-85CBE30E475A}.Debug|Mixed Platforms.ActiveCfg = Debug|Any CPU
		{B82F536A-7B53-4863-BE72-85CBE30E475A}.Debug|Mixed Platforms.Build.0 = Debug|Any CPU
		{B82F536A-7B53-4863-BE72-85CBE30E475A}.Debug|x86.ActiveCfg = Debug|Any CPU
		{B82F536A-7B53-4863-BE72-85CBE30E475A}.Release|Any CPU.ActiveCfg = Release|Any CPU
		{B82F536A-7B53-4863-BE72-85CBE30E475A}.Release|Any CPU.Build.0 = Release|Any CPU
		{B82F536A-7B53-4863-BE72-85CBE30E475A}.Release|Mixed Platforms.ActiveCfg = Release|Any CPU
		{B82F536A-7B53-4863-BE72-85CBE30E475A}.Release|Mixed Platforms.Build.0 = Release|Any CPU
		{B82F536A-7B53-4863-BE72-85CBE30E475A}.Release|x86.ActiveCfg = Release|Any CPU
		{0F0B57EB-359A-4AA0-B6A2-AC63FD9E2FC2}.Debug|Any CPU.ActiveCfg = Debug|Any CPU
		{0F0B57EB-359A-4AA0-B6A2-AC63FD9E2FC2}.Debug|Any CPU.Build.0 = Debug|Any CPU
		{0F0B57EB-359A-4AA0-B6A2-AC63FD9E2FC2}.Debug|Mixed Platforms.ActiveCfg = Debug|Any CPU
		{0F0B57EB-359A-4AA0-B6A2-AC63FD9E2FC2}.Debug|Mixed Platforms.Build.0 = Debug|Any CPU
		{0F0B57EB-359A-4AA0-B6A2-AC63FD9E2FC2}.Debug|x86.ActiveCfg = Debug|Any CPU
		{0F0B57EB-359A-4AA0-B6A2-AC63FD9E2FC2}.Release|Any CPU.ActiveCfg = Release|Any CPU
		{0F0B57EB-359A-4AA0-B6A2-AC63FD9E2FC2}.Release|Any CPU.Build.0 = Release|Any CPU
		{0F0B57EB-359A-4AA0-B6A2-AC63FD9E2FC2}.Release|Mixed Platforms.ActiveCfg = Release|Any CPU
		{0F0B57EB-359A-4AA0-B6A2-AC63FD9E2FC2}.Release|Mixed Platforms.Build.0 = Release|Any CPU
		{0F0B57EB-359A-4AA0-B6A2-AC63FD9E2FC2}.Release|x86.ActiveCfg = Release|Any CPU
		{860EC6FC-FDA1-4CDB-8E9A-0260BC783439}.Debug|Any CPU.ActiveCfg = Debug|Any CPU
		{860EC6FC-FDA1-4CDB-8E9A-0260BC783439}.Debug|Any CPU.Build.0 = Debug|Any CPU
		{860EC6FC-FDA1-4CDB-8E9A-0260BC783439}.Debug|Mixed Platforms.ActiveCfg = Debug|Any CPU
		{860EC6FC-FDA1-4CDB-8E9A-0260BC783439}.Debug|Mixed Platforms.Build.0 = Debug|Any CPU
		{860EC6FC-FDA1-4CDB-8E9A-0260BC783439}.Debug|x86.ActiveCfg = Debug|Any CPU
		{860EC6FC-FDA1-4CDB-8E9A-0260BC783439}.Release|Any CPU.ActiveCfg = Release|Any CPU
		{860EC6FC-FDA1-4CDB-8E9A-0260BC783439}.Release|Any CPU.Build.0 = Release|Any CPU
		{860EC6FC-FDA1-4CDB-8E9A-0260BC783439}.Release|Mixed Platforms.ActiveCfg = Release|Any CPU
		{860EC6FC-FDA1-4CDB-8E9A-0260BC783439}.Release|Mixed Platforms.Build.0 = Release|Any CPU
		{860EC6FC-FDA1-4CDB-8E9A-0260BC783439}.Release|x86.ActiveCfg = Release|Any CPU
		{3D7BD732-C4CE-4461-9EFF-59C42CC5853B}.Debug|Any CPU.ActiveCfg = Debug|Any CPU
		{3D7BD732-C4CE-4461-9EFF-59C42CC5853B}.Debug|Any CPU.Build.0 = Debug|Any CPU
		{3D7BD732-C4CE-4461-9EFF-59C42CC5853B}.Debug|Mixed Platforms.ActiveCfg = Debug|Any CPU
		{3D7BD732-C4CE-4461-9EFF-59C42CC5853B}.Debug|Mixed Platforms.Build.0 = Debug|Any CPU
		{3D7BD732-C4CE-4461-9EFF-59C42CC5853B}.Debug|x86.ActiveCfg = Debug|Any CPU
		{3D7BD732-C4CE-4461-9EFF-59C42CC5853B}.Release|Any CPU.ActiveCfg = Release|Any CPU
		{3D7BD732-C4CE-4461-9EFF-59C42CC5853B}.Release|Any CPU.Build.0 = Release|Any CPU
		{3D7BD732-C4CE-4461-9EFF-59C42CC5853B}.Release|Mixed Platforms.ActiveCfg = Release|Any CPU
		{3D7BD732-C4CE-4461-9EFF-59C42CC5853B}.Release|Mixed Platforms.Build.0 = Release|Any CPU
		{3D7BD732-C4CE-4461-9EFF-59C42CC5853B}.Release|x86.ActiveCfg = Release|Any CPU
		{17B12AD1-0CE1-4A2D-B982-D9E0A55AF49C}.Debug|Any CPU.ActiveCfg = Debug|Any CPU
		{17B12AD1-0CE1-4A2D-B982-D9E0A55AF49C}.Debug|Any CPU.Build.0 = Debug|Any CPU
		{17B12AD1-0CE1-4A2D-B982-D9E0A55AF49C}.Debug|Mixed Platforms.ActiveCfg = Debug|Any CPU
		{17B12AD1-0CE1-4A2D-B982-D9E0A55AF49C}.Debug|Mixed Platforms.Build.0 = Debug|Any CPU
		{17B12AD1-0CE1-4A2D-B982-D9E0A55AF49C}.Debug|x86.ActiveCfg = Debug|Any CPU
		{17B12AD1-0CE1-4A2D-B982-D9E0A55AF49C}.Release|Any CPU.ActiveCfg = Release|Any CPU
		{17B12AD1-0CE1-4A2D-B982-D9E0A55AF49C}.Release|Any CPU.Build.0 = Release|Any CPU
		{17B12AD1-0CE1-4A2D-B982-D9E0A55AF49C}.Release|Mixed Platforms.ActiveCfg = Release|Any CPU
		{17B12AD1-0CE1-4A2D-B982-D9E0A55AF49C}.Release|Mixed Platforms.Build.0 = Release|Any CPU
		{17B12AD1-0CE1-4A2D-B982-D9E0A55AF49C}.Release|x86.ActiveCfg = Release|Any CPU
	EndGlobalSection
	GlobalSection(SolutionProperties) = preSolution
		HideSolutionNode = FALSE
	EndGlobalSection
EndGlobal
